
Microsoft Visual Studio Solution File, Format Version 12.00
# Visual Studio 14
VisualStudioVersion = 14.0.25420.1
MinimumVisualStudioVersion = 10.0.40219.1
Project("{FAE04EC0-301F-11D3-BF4B-00C04F79EFBC}") = "JointMilitarySymbologyLibrary", "JointMilitarySymbologyLibrary.csproj", "{59DCDEC3-469F-44CB-B42C-80DB1F9E1992}"
EndProject
Project("{FAE04EC0-301F-11D3-BF4B-00C04F79EFBC}") = "JMSML_Demo", "Test\JMSML_Demo.csproj", "{10B67C10-72E6-4C4B-8C28-D3439CC01B68}"
EndProject
Project("{2150E333-8FDC-42A3-9474-1A3956D46DE8}") = "Solution Items", "Solution Items", "{05AB64C4-07E2-4544-A4C8-FDA98CCA5D76}"
	ProjectSection(SolutionItems) = preProject
		..\..\instance\Activity.xml = ..\..\instance\Activity.xml
		..\..\instance\Air.xml = ..\..\instance\Air.xml
		..\..\instance\Air_Missile.xml = ..\..\instance\Air_Missile.xml
		..\..\instance\Atmospheric.xml = ..\..\instance\Atmospheric.xml
		..\..\instance\Base.xml = ..\..\instance\Base.xml
		..\..\schema\base.xsd = ..\..\schema\base.xsd
		..\..\instance\Control_Measure.xml = ..\..\instance\Control_Measure.xml
		..\..\schema\core.xsd = ..\..\schema\core.xsd
		..\..\instance\Cyberspace.xml = ..\..\instance\Cyberspace.xml
		..\..\instance\Internal.xml = ..\..\instance\Internal.xml
		JointMilitarySymbologyLibrary.vsmdi = JointMilitarySymbologyLibrary.vsmdi
		..\..\instance\Land_Civilian.xml = ..\..\instance\Land_Civilian.xml
		..\..\instance\Land_Equipment.xml = ..\..\instance\Land_Equipment.xml
		..\..\instance\Land_Installation.xml = ..\..\instance\Land_Installation.xml
		..\..\instance\Land_Unit.xml = ..\..\instance\Land_Unit.xml
		Local.testsettings = Local.testsettings
		..\..\instance\Meteorological_Space.xml = ..\..\instance\Meteorological_Space.xml
		..\..\instance\Mine_Warfare.xml = ..\..\instance\Mine_Warfare.xml
		..\..\instance\Oceanographic.xml = ..\..\instance\Oceanographic.xml
		..\..\instance\Sea_Subsurface.xml = ..\..\instance\Sea_Subsurface.xml
		..\..\instance\Sea_Surface.xml = ..\..\instance\Sea_Surface.xml
		..\..\instance\SIGINT_Air.xml = ..\..\instance\SIGINT_Air.xml
		..\..\instance\SIGINT_Land.xml = ..\..\instance\SIGINT_Land.xml
		..\..\instance\SIGINT_Space.xml = ..\..\instance\SIGINT_Space.xml
		..\..\instance\SIGINT_Subsurface.xml = ..\..\instance\SIGINT_Subsurface.xml
		..\..\instance\SIGINT_Surface.xml = ..\..\instance\SIGINT_Surface.xml
		..\..\instance\Space.xml = ..\..\instance\Space.xml
		..\..\instance\Space_Missile.xml = ..\..\instance\Space_Missile.xml
		..\..\schema\symbolSet.xsd = ..\..\schema\symbolSet.xsd
		TraceAndTestImpact.testsettings = TraceAndTestImpact.testsettings
		..\..\instance\Unknown.xml = ..\..\instance\Unknown.xml
	EndProjectSection
EndProject
Project("{FAE04EC0-301F-11D3-BF4B-00C04F79EFBC}") = "UnitTests", "UnitTests\UnitTests.csproj", "{40E2519E-72D2-4DCE-A158-D7BAF1295116}"
EndProject
Project("{FAE04EC0-301F-11D3-BF4B-00C04F79EFBC}") = "TestLegacyCodesCsv", "TestLegacyCodesCsv\TestLegacyCodesCsv.csproj", "{9B7C5BB9-095B-4CA0-AA8D-546E8303E546}"
EndProject
Project("{FAE04EC0-301F-11D3-BF4B-00C04F79EFBC}") = "jmsml", "jmsml\jmsml.csproj", "{92B69001-B422-40E8-91F5-6066BA465F96}"
EndProject
Global
	GlobalSection(SolutionConfigurationPlatforms) = preSolution
		Debug|Any CPU = Debug|Any CPU
		Debug|Mixed Platforms = Debug|Mixed Platforms
		Debug|x86 = Debug|x86
		Release|Any CPU = Release|Any CPU
		Release|Mixed Platforms = Release|Mixed Platforms
		Release|x86 = Release|x86
	EndGlobalSection
	GlobalSection(ProjectConfigurationPlatforms) = postSolution
		{59DCDEC3-469F-44CB-B42C-80DB1F9E1992}.Debug|Any CPU.ActiveCfg = Debug|Any CPU
		{59DCDEC3-469F-44CB-B42C-80DB1F9E1992}.Debug|Any CPU.Build.0 = Debug|Any CPU
		{59DCDEC3-469F-44CB-B42C-80DB1F9E1992}.Debug|Mixed Platforms.ActiveCfg = Debug|Any CPU
		{59DCDEC3-469F-44CB-B42C-80DB1F9E1992}.Debug|Mixed Platforms.Build.0 = Debug|Any CPU
		{59DCDEC3-469F-44CB-B42C-80DB1F9E1992}.Debug|x86.ActiveCfg = Debug|Any CPU
		{59DCDEC3-469F-44CB-B42C-80DB1F9E1992}.Release|Any CPU.ActiveCfg = Release|Any CPU
		{59DCDEC3-469F-44CB-B42C-80DB1F9E1992}.Release|Any CPU.Build.0 = Release|Any CPU
		{59DCDEC3-469F-44CB-B42C-80DB1F9E1992}.Release|Mixed Platforms.ActiveCfg = Release|Any CPU
		{59DCDEC3-469F-44CB-B42C-80DB1F9E1992}.Release|Mixed Platforms.Build.0 = Release|Any CPU
		{59DCDEC3-469F-44CB-B42C-80DB1F9E1992}.Release|x86.ActiveCfg = Release|Any CPU
		{10B67C10-72E6-4C4B-8C28-D3439CC01B68}.Debug|Any CPU.ActiveCfg = Debug|x86
		{10B67C10-72E6-4C4B-8C28-D3439CC01B68}.Debug|Mixed Platforms.ActiveCfg = Debug|x86
		{10B67C10-72E6-4C4B-8C28-D3439CC01B68}.Debug|Mixed Platforms.Build.0 = Debug|x86
		{10B67C10-72E6-4C4B-8C28-D3439CC01B68}.Debug|x86.ActiveCfg = Debug|x86
		{10B67C10-72E6-4C4B-8C28-D3439CC01B68}.Debug|x86.Build.0 = Debug|x86
		{10B67C10-72E6-4C4B-8C28-D3439CC01B68}.Release|Any CPU.ActiveCfg = Release|x86
		{10B67C10-72E6-4C4B-8C28-D3439CC01B68}.Release|Mixed Platforms.ActiveCfg = Release|x86
		{10B67C10-72E6-4C4B-8C28-D3439CC01B68}.Release|Mixed Platforms.Build.0 = Release|x86
		{10B67C10-72E6-4C4B-8C28-D3439CC01B68}.Release|x86.ActiveCfg = Release|x86
		{10B67C10-72E6-4C4B-8C28-D3439CC01B68}.Release|x86.Build.0 = Release|x86
		{40E2519E-72D2-4DCE-A158-D7BAF1295116}.Debug|Any CPU.ActiveCfg = Debug|Any CPU
		{40E2519E-72D2-4DCE-A158-D7BAF1295116}.Debug|Any CPU.Build.0 = Debug|Any CPU
		{40E2519E-72D2-4DCE-A158-D7BAF1295116}.Debug|Mixed Platforms.ActiveCfg = Debug|Any CPU
		{40E2519E-72D2-4DCE-A158-D7BAF1295116}.Debug|Mixed Platforms.Build.0 = Debug|Any CPU
		{40E2519E-72D2-4DCE-A158-D7BAF1295116}.Debug|x86.ActiveCfg = Debug|Any CPU
		{40E2519E-72D2-4DCE-A158-D7BAF1295116}.Release|Any CPU.ActiveCfg = Release|Any CPU
		{40E2519E-72D2-4DCE-A158-D7BAF1295116}.Release|Any CPU.Build.0 = Release|Any CPU
		{40E2519E-72D2-4DCE-A158-D7BAF1295116}.Release|Mixed Platforms.ActiveCfg = Release|Any CPU
		{40E2519E-72D2-4DCE-A158-D7BAF1295116}.Release|Mixed Platforms.Build.0 = Release|Any CPU
		{40E2519E-72D2-4DCE-A158-D7BAF1295116}.Release|x86.ActiveCfg = Release|Any CPU
		{9B7C5BB9-095B-4CA0-AA8D-546E8303E546}.Debug|Any CPU.ActiveCfg = Debug|x86
		{9B7C5BB9-095B-4CA0-AA8D-546E8303E546}.Debug|Mixed Platforms.ActiveCfg = Debug|x86
		{9B7C5BB9-095B-4CA0-AA8D-546E8303E546}.Debug|Mixed Platforms.Build.0 = Debug|x86
		{9B7C5BB9-095B-4CA0-AA8D-546E8303E546}.Debug|x86.ActiveCfg = Debug|x86
		{9B7C5BB9-095B-4CA0-AA8D-546E8303E546}.Debug|x86.Build.0 = Debug|x86
		{9B7C5BB9-095B-4CA0-AA8D-546E8303E546}.Release|Any CPU.ActiveCfg = Release|x86
		{9B7C5BB9-095B-4CA0-AA8D-546E8303E546}.Release|Mixed Platforms.ActiveCfg = Release|x86
		{9B7C5BB9-095B-4CA0-AA8D-546E8303E546}.Release|Mixed Platforms.Build.0 = Release|x86
		{9B7C5BB9-095B-4CA0-AA8D-546E8303E546}.Release|x86.ActiveCfg = Release|x86
		{9B7C5BB9-095B-4CA0-AA8D-546E8303E546}.Release|x86.Build.0 = Release|x86
		{92B69001-B422-40E8-91F5-6066BA465F96}.Debug|Any CPU.ActiveCfg = Debug|x86
		{92B69001-B422-40E8-91F5-6066BA465F96}.Debug|Mixed Platforms.ActiveCfg = Debug|x86
		{92B69001-B422-40E8-91F5-6066BA465F96}.Debug|Mixed Platforms.Build.0 = Debug|x86
		{92B69001-B422-40E8-91F5-6066BA465F96}.Debug|x86.ActiveCfg = Debug|x86
		{92B69001-B422-40E8-91F5-6066BA465F96}.Debug|x86.Build.0 = Debug|x86
		{92B69001-B422-40E8-91F5-6066BA465F96}.Release|Any CPU.ActiveCfg = Release|x86
		{92B69001-B422-40E8-91F5-6066BA465F96}.Release|Mixed Platforms.ActiveCfg = Release|x86
		{92B69001-B422-40E8-91F5-6066BA465F96}.Release|Mixed Platforms.Build.0 = Release|x86
		{92B69001-B422-40E8-91F5-6066BA465F96}.Release|x86.ActiveCfg = Release|x86
		{92B69001-B422-40E8-91F5-6066BA465F96}.Release|x86.Build.0 = Release|x86
	EndGlobalSection
	GlobalSection(SolutionProperties) = preSolution
		HideSolutionNode = FALSE
	EndGlobalSection
	GlobalSection(TestCaseManagementSettings) = postSolution
		CategoryFile = JointMilitarySymbologyLibrary.vsmdi
	EndGlobalSection
EndGlobal
