
Microsoft Visual Studio Solution File, Format Version 11.00
# Visual Studio 2010
Project("{FAE04EC0-301F-11D3-BF4B-00C04F79EFBC}") = "JointMilitarySymbologyLibrary", "JointMilitarySymbologyLibrary.csproj", "{59DCDEC3-469F-44CB-B42C-80DB1F9E1992}"
EndProject
Project("{FAE04EC0-301F-11D3-BF4B-00C04F79EFBC}") = "Test", "Test\Test.csproj", "{10B67C10-72E6-4C4B-8C28-D3439CC01B68}"
EndProject
Project("{2150E333-8FDC-42A3-9474-1A3956D46DE8}") = "Solution Items", "Solution Items", "{05AB64C4-07E2-4544-A4C8-FDA98CCA5D76}"
	ProjectSection(SolutionItems) = preProject
		..\..\..\joint-military-symbology-xml\instance\2525D_Air.xml = ..\..\..\joint-military-symbology-xml\instance\2525D_Air.xml
		..\..\..\joint-military-symbology-xml\instance\2525D_Air_Missile.xml = ..\..\..\joint-military-symbology-xml\instance\2525D_Air_Missile.xml
		..\..\..\joint-military-symbology-xml\instance\2525D_Base.xml = ..\..\..\joint-military-symbology-xml\instance\2525D_Base.xml
		..\..\..\joint-military-symbology-xml\instance\2525D_Unknown.xml = ..\..\..\joint-military-symbology-xml\instance\2525D_Unknown.xml
		..\..\..\joint-military-symbology-xml\schema\base.xsd = ..\..\..\joint-military-symbology-xml\schema\base.xsd
		..\..\..\joint-military-symbology-xml\schema\core.xsd = ..\..\..\joint-military-symbology-xml\schema\core.xsd
		..\..\..\joint-military-symbology-xml\schema\symbolSet.xsd = ..\..\..\joint-military-symbology-xml\schema\symbolSet.xsd
	EndProjectSection
EndProject
Global
	GlobalSection(SolutionConfigurationPlatforms) = preSolution
		Debug|Any CPU = Debug|Any CPU
		Debug|Mixed Platforms = Debug|Mixed Platforms
		Debug|x86 = Debug|x86
		Release|Any CPU = Release|Any CPU
		Release|Mixed Platforms = Release|Mixed Platforms
		Release|x86 = Release|x86
	EndGlobalSection
	GlobalSection(ProjectConfigurationPlatforms) = postSolution
		{59DCDEC3-469F-44CB-B42C-80DB1F9E1992}.Debug|Any CPU.ActiveCfg = Debug|Any CPU
		{59DCDEC3-469F-44CB-B42C-80DB1F9E1992}.Debug|Any CPU.Build.0 = Debug|Any CPU
		{59DCDEC3-469F-44CB-B42C-80DB1F9E1992}.Debug|Mixed Platforms.ActiveCfg = Debug|Any CPU
		{59DCDEC3-469F-44CB-B42C-80DB1F9E1992}.Debug|Mixed Platforms.Build.0 = Debug|Any CPU
		{59DCDEC3-469F-44CB-B42C-80DB1F9E1992}.Debug|x86.ActiveCfg = Debug|Any CPU
		{59DCDEC3-469F-44CB-B42C-80DB1F9E1992}.Release|Any CPU.ActiveCfg = Release|Any CPU
		{59DCDEC3-469F-44CB-B42C-80DB1F9E1992}.Release|Any CPU.Build.0 = Release|Any CPU
		{59DCDEC3-469F-44CB-B42C-80DB1F9E1992}.Release|Mixed Platforms.ActiveCfg = Release|Any CPU
		{59DCDEC3-469F-44CB-B42C-80DB1F9E1992}.Release|Mixed Platforms.Build.0 = Release|Any CPU
		{59DCDEC3-469F-44CB-B42C-80DB1F9E1992}.Release|x86.ActiveCfg = Release|Any CPU
		{10B67C10-72E6-4C4B-8C28-D3439CC01B68}.Debug|Any CPU.ActiveCfg = Debug|x86
		{10B67C10-72E6-4C4B-8C28-D3439CC01B68}.Debug|Mixed Platforms.ActiveCfg = Debug|x86
		{10B67C10-72E6-4C4B-8C28-D3439CC01B68}.Debug|Mixed Platforms.Build.0 = Debug|x86
		{10B67C10-72E6-4C4B-8C28-D3439CC01B68}.Debug|x86.ActiveCfg = Debug|x86
		{10B67C10-72E6-4C4B-8C28-D3439CC01B68}.Debug|x86.Build.0 = Debug|x86
		{10B67C10-72E6-4C4B-8C28-D3439CC01B68}.Release|Any CPU.ActiveCfg = Release|x86
		{10B67C10-72E6-4C4B-8C28-D3439CC01B68}.Release|Mixed Platforms.ActiveCfg = Release|x86
		{10B67C10-72E6-4C4B-8C28-D3439CC01B68}.Release|Mixed Platforms.Build.0 = Release|x86
		{10B67C10-72E6-4C4B-8C28-D3439CC01B68}.Release|x86.ActiveCfg = Release|x86
		{10B67C10-72E6-4C4B-8C28-D3439CC01B68}.Release|x86.Build.0 = Release|x86
	EndGlobalSection
	GlobalSection(SolutionProperties) = preSolution
		HideSolutionNode = FALSE
	EndGlobalSection
EndGlobal
